
Microsoft Visual Studio Solution File, Format Version 12.00
# Visual Studio 15
VisualStudioVersion = 15.0.28010.2026
MinimumVisualStudioVersion = 10.0.40219.1
Project("{FAE04EC0-301F-11D3-BF4B-00C04F79EFBC}") = "GoodeeWay", "GoodeeWay\GoodeeWay.csproj", "{DA1CD391-5DF2-454C-A5F5-75D3FB86485A}"
EndProject
Project("{840C416C-B8F3-42BC-B0DD-F6BB14C9F8CB}") = "GoodeeWayInstaller", "GoodeeWayInstaller\GoodeeWayInstaller.aiproj", "{D6CA6A4C-E538-496F-9687-801B97CBD1C0}"
EndProject
Global
	GlobalSection(SolutionConfigurationPlatforms) = preSolution
		All|Any CPU = All|Any CPU
		Debug|Any CPU = Debug|Any CPU
		Release|Any CPU = Release|Any CPU
	EndGlobalSection
	GlobalSection(ProjectConfigurationPlatforms) = postSolution
		{DA1CD391-5DF2-454C-A5F5-75D3FB86485A}.All|Any CPU.ActiveCfg = Release|Any CPU
		{DA1CD391-5DF2-454C-A5F5-75D3FB86485A}.All|Any CPU.Build.0 = Release|Any CPU
		{DA1CD391-5DF2-454C-A5F5-75D3FB86485A}.Debug|Any CPU.ActiveCfg = Debug|Any CPU
		{DA1CD391-5DF2-454C-A5F5-75D3FB86485A}.Debug|Any CPU.Build.0 = Debug|Any CPU
		{DA1CD391-5DF2-454C-A5F5-75D3FB86485A}.Release|Any CPU.ActiveCfg = Release|Any CPU
		{DA1CD391-5DF2-454C-A5F5-75D3FB86485A}.Release|Any CPU.Build.0 = Release|Any CPU
		{D6CA6A4C-E538-496F-9687-801B97CBD1C0}.All|Any CPU.ActiveCfg = DefaultBuild
		{D6CA6A4C-E538-496F-9687-801B97CBD1C0}.All|Any CPU.Build.0 = DefaultBuild
		{D6CA6A4C-E538-496F-9687-801B97CBD1C0}.Debug|Any CPU.ActiveCfg = DefaultBuild
		{D6CA6A4C-E538-496F-9687-801B97CBD1C0}.Debug|Any CPU.Build.0 = DefaultBuild
		{D6CA6A4C-E538-496F-9687-801B97CBD1C0}.Release|Any CPU.ActiveCfg = DefaultBuild
		{D6CA6A4C-E538-496F-9687-801B97CBD1C0}.Release|Any CPU.Build.0 = DefaultBuild
	EndGlobalSection
	GlobalSection(SolutionProperties) = preSolution
		HideSolutionNode = FALSE
	EndGlobalSection
	GlobalSection(ExtensibilityGlobals) = postSolution
		SolutionGuid = {5F176106-AEFC-41EC-AF76-0CFEF6461C63}
	EndGlobalSection
EndGlobal
